
Microsoft Visual Studio Solution File, Format Version 12.00
# Visual Studio 15
VisualStudioVersion = 15.0.27004.2006
MinimumVisualStudioVersion = 10.0.40219.1
Project("{FAE04EC0-301F-11D3-BF4B-00C04F79EFBC}") = "ComicBookGallery", "ComicBookGallery\ComicBookGallery.csproj", "{C45C9561-EF44-4C8A-ACB3-8935AB5CF4CF}"
EndProject
Global
	GlobalSection(SolutionConfigurationPlatforms) = preSolution
		Debug|Any CPU = Debug|Any CPU
		Release|Any CPU = Release|Any CPU
	EndGlobalSection
	GlobalSection(ProjectConfigurationPlatforms) = postSolution
		{C45C9561-EF44-4C8A-ACB3-8935AB5CF4CF}.Debug|Any CPU.ActiveCfg = Debug|Any CPU
		{C45C9561-EF44-4C8A-ACB3-8935AB5CF4CF}.Debug|Any CPU.Build.0 = Debug|Any CPU
		{C45C9561-EF44-4C8A-ACB3-8935AB5CF4CF}.Release|Any CPU.ActiveCfg = Release|Any CPU
		{C45C9561-EF44-4C8A-ACB3-8935AB5CF4CF}.Release|Any CPU.Build.0 = Release|Any CPU
	EndGlobalSection
	GlobalSection(SolutionProperties) = preSolution
		HideSolutionNode = FALSE
	EndGlobalSection
	GlobalSection(ExtensibilityGlobals) = postSolution
		SolutionGuid = {07CD86B7-460A-47CC-AA6A-103565D78F1F}
	EndGlobalSection
EndGlobal
